
Microsoft Visual Studio Solution File, Format Version 12.00
# Visual Studio 15
VisualStudioVersion = 15.0.27130.2020
MinimumVisualStudioVersion = 10.0.40219.1
Project("{FAE04EC0-301F-11D3-BF4B-00C04F79EFBC}") = "TestAppButtonCircle.Android", "TestAppButtonCircle\TestAppButtonCircle.Android\TestAppButtonCircle.Android.csproj", "{98BCE92C-F6D3-4375-8BCF-325AA5714D0D}"
EndProject
Project("{FAE04EC0-301F-11D3-BF4B-00C04F79EFBC}") = "TestAppButtonCircle.iOS", "TestAppButtonCircle\TestAppButtonCircle.iOS\TestAppButtonCircle.iOS.csproj", "{CDDD9B17-FD63-4707-9381-A5D452628186}"
EndProject
Project("{FAE04EC0-301F-11D3-BF4B-00C04F79EFBC}") = "TestAppButtonCircle.UWP", "TestAppButtonCircle\TestAppButtonCircle.UWP\TestAppButtonCircle.UWP.csproj", "{156B3562-6AB5-4EC1-8C35-71E7D85EB632}"
EndProject
Project("{FAE04EC0-301F-11D3-BF4B-00C04F79EFBC}") = "TestAppButtonCircle", "TestAppButtonCircle\TestAppButtonCircle\TestAppButtonCircle.csproj", "{780C49E0-1154-4AE4-A27B-6E433B0ED8EA}"
EndProject
Global
	GlobalSection(SolutionConfigurationPlatforms) = preSolution
		Ad-Hoc|Any CPU = Ad-Hoc|Any CPU
		Ad-Hoc|ARM = Ad-Hoc|ARM
		Ad-Hoc|iPhone = Ad-Hoc|iPhone
		Ad-Hoc|iPhoneSimulator = Ad-Hoc|iPhoneSimulator
		Ad-Hoc|x64 = Ad-Hoc|x64
		Ad-Hoc|x86 = Ad-Hoc|x86
		AppStore|Any CPU = AppStore|Any CPU
		AppStore|ARM = AppStore|ARM
		AppStore|iPhone = AppStore|iPhone
		AppStore|iPhoneSimulator = AppStore|iPhoneSimulator
		AppStore|x64 = AppStore|x64
		AppStore|x86 = AppStore|x86
		Debug|Any CPU = Debug|Any CPU
		Debug|ARM = Debug|ARM
		Debug|iPhone = Debug|iPhone
		Debug|iPhoneSimulator = Debug|iPhoneSimulator
		Debug|x64 = Debug|x64
		Debug|x86 = Debug|x86
		Release|Any CPU = Release|Any CPU
		Release|ARM = Release|ARM
		Release|iPhone = Release|iPhone
		Release|iPhoneSimulator = Release|iPhoneSimulator
		Release|x64 = Release|x64
		Release|x86 = Release|x86
	EndGlobalSection
	GlobalSection(ProjectConfigurationPlatforms) = postSolution
		{98BCE92C-F6D3-4375-8BCF-325AA5714D0D}.Ad-Hoc|Any CPU.ActiveCfg = Release|Any CPU
		{98BCE92C-F6D3-4375-8BCF-325AA5714D0D}.Ad-Hoc|Any CPU.Build.0 = Release|Any CPU
		{98BCE92C-F6D3-4375-8BCF-325AA5714D0D}.Ad-Hoc|Any CPU.Deploy.0 = Release|Any CPU
		{98BCE92C-F6D3-4375-8BCF-325AA5714D0D}.Ad-Hoc|ARM.ActiveCfg = Release|Any CPU
		{98BCE92C-F6D3-4375-8BCF-325AA5714D0D}.Ad-Hoc|ARM.Build.0 = Release|Any CPU
		{98BCE92C-F6D3-4375-8BCF-325AA5714D0D}.Ad-Hoc|ARM.Deploy.0 = Release|Any CPU
		{98BCE92C-F6D3-4375-8BCF-325AA5714D0D}.Ad-Hoc|iPhone.ActiveCfg = Release|Any CPU
		{98BCE92C-F6D3-4375-8BCF-325AA5714D0D}.Ad-Hoc|iPhone.Build.0 = Release|Any CPU
		{98BCE92C-F6D3-4375-8BCF-325AA5714D0D}.Ad-Hoc|iPhone.Deploy.0 = Release|Any CPU
		{98BCE92C-F6D3-4375-8BCF-325AA5714D0D}.Ad-Hoc|iPhoneSimulator.ActiveCfg = Release|Any CPU
		{98BCE92C-F6D3-4375-8BCF-325AA5714D0D}.Ad-Hoc|iPhoneSimulator.Build.0 = Release|Any CPU
		{98BCE92C-F6D3-4375-8BCF-325AA5714D0D}.Ad-Hoc|iPhoneSimulator.Deploy.0 = Release|Any CPU
		{98BCE92C-F6D3-4375-8BCF-325AA5714D0D}.Ad-Hoc|x64.ActiveCfg = Release|Any CPU
		{98BCE92C-F6D3-4375-8BCF-325AA5714D0D}.Ad-Hoc|x64.Build.0 = Release|Any CPU
		{98BCE92C-F6D3-4375-8BCF-325AA5714D0D}.Ad-Hoc|x64.Deploy.0 = Release|Any CPU
		{98BCE92C-F6D3-4375-8BCF-325AA5714D0D}.Ad-Hoc|x86.ActiveCfg = Release|Any CPU
		{98BCE92C-F6D3-4375-8BCF-325AA5714D0D}.Ad-Hoc|x86.Build.0 = Release|Any CPU
		{98BCE92C-F6D3-4375-8BCF-325AA5714D0D}.Ad-Hoc|x86.Deploy.0 = Release|Any CPU
		{98BCE92C-F6D3-4375-8BCF-325AA5714D0D}.AppStore|Any CPU.ActiveCfg = Release|Any CPU
		{98BCE92C-F6D3-4375-8BCF-325AA5714D0D}.AppStore|Any CPU.Build.0 = Release|Any CPU
		{98BCE92C-F6D3-4375-8BCF-325AA5714D0D}.AppStore|Any CPU.Deploy.0 = Release|Any CPU
		{98BCE92C-F6D3-4375-8BCF-325AA5714D0D}.AppStore|ARM.ActiveCfg = Release|Any CPU
		{98BCE92C-F6D3-4375-8BCF-325AA5714D0D}.AppStore|ARM.Build.0 = Release|Any CPU
		{98BCE92C-F6D3-4375-8BCF-325AA5714D0D}.AppStore|ARM.Deploy.0 = Release|Any CPU
		{98BCE92C-F6D3-4375-8BCF-325AA5714D0D}.AppStore|iPhone.ActiveCfg = Release|Any CPU
		{98BCE92C-F6D3-4375-8BCF-325AA5714D0D}.AppStore|iPhone.Build.0 = Release|Any CPU
		{98BCE92C-F6D3-4375-8BCF-325AA5714D0D}.AppStore|iPhone.Deploy.0 = Release|Any CPU
		{98BCE92C-F6D3-4375-8BCF-325AA5714D0D}.AppStore|iPhoneSimulator.ActiveCfg = Release|Any CPU
		{98BCE92C-F6D3-4375-8BCF-325AA5714D0D}.AppStore|iPhoneSimulator.Build.0 = Release|Any CPU
		{98BCE92C-F6D3-4375-8BCF-325AA5714D0D}.AppStore|iPhoneSimulator.Deploy.0 = Release|Any CPU
		{98BCE92C-F6D3-4375-8BCF-325AA5714D0D}.AppStore|x64.ActiveCfg = Release|Any CPU
		{98BCE92C-F6D3-4375-8BCF-325AA5714D0D}.AppStore|x64.Build.0 = Release|Any CPU
		{98BCE92C-F6D3-4375-8BCF-325AA5714D0D}.AppStore|x64.Deploy.0 = Release|Any CPU
		{98BCE92C-F6D3-4375-8BCF-325AA5714D0D}.AppStore|x86.ActiveCfg = Release|Any CPU
		{98BCE92C-F6D3-4375-8BCF-325AA5714D0D}.AppStore|x86.Build.0 = Release|Any CPU
		{98BCE92C-F6D3-4375-8BCF-325AA5714D0D}.AppStore|x86.Deploy.0 = Release|Any CPU
		{98BCE92C-F6D3-4375-8BCF-325AA5714D0D}.Debug|Any CPU.ActiveCfg = Debug|Any CPU
		{98BCE92C-F6D3-4375-8BCF-325AA5714D0D}.Debug|Any CPU.Build.0 = Debug|Any CPU
		{98BCE92C-F6D3-4375-8BCF-325AA5714D0D}.Debug|Any CPU.Deploy.0 = Debug|Any CPU
		{98BCE92C-F6D3-4375-8BCF-325AA5714D0D}.Debug|ARM.ActiveCfg = Debug|Any CPU
		{98BCE92C-F6D3-4375-8BCF-325AA5714D0D}.Debug|ARM.Build.0 = Debug|Any CPU
		{98BCE92C-F6D3-4375-8BCF-325AA5714D0D}.Debug|ARM.Deploy.0 = Debug|Any CPU
		{98BCE92C-F6D3-4375-8BCF-325AA5714D0D}.Debug|iPhone.ActiveCfg = Debug|Any CPU
		{98BCE92C-F6D3-4375-8BCF-325AA5714D0D}.Debug|iPhone.Build.0 = Debug|Any CPU
		{98BCE92C-F6D3-4375-8BCF-325AA5714D0D}.Debug|iPhone.Deploy.0 = Debug|Any CPU
		{98BCE92C-F6D3-4375-8BCF-325AA5714D0D}.Debug|iPhoneSimulator.ActiveCfg = Debug|Any CPU
		{98BCE92C-F6D3-4375-8BCF-325AA5714D0D}.Debug|iPhoneSimulator.Build.0 = Debug|Any CPU
		{98BCE92C-F6D3-4375-8BCF-325AA5714D0D}.Debug|iPhoneSimulator.Deploy.0 = Debug|Any CPU
		{98BCE92C-F6D3-4375-8BCF-325AA5714D0D}.Debug|x64.ActiveCfg = Debug|Any CPU
		{98BCE92C-F6D3-4375-8BCF-325AA5714D0D}.Debug|x64.Build.0 = Debug|Any CPU
		{98BCE92C-F6D3-4375-8BCF-325AA5714D0D}.Debug|x64.Deploy.0 = Debug|Any CPU
		{98BCE92C-F6D3-4375-8BCF-325AA5714D0D}.Debug|x86.ActiveCfg = Debug|Any CPU
		{98BCE92C-F6D3-4375-8BCF-325AA5714D0D}.Debug|x86.Build.0 = Debug|Any CPU
		{98BCE92C-F6D3-4375-8BCF-325AA5714D0D}.Debug|x86.Deploy.0 = Debug|Any CPU
		{98BCE92C-F6D3-4375-8BCF-325AA5714D0D}.Release|Any CPU.ActiveCfg = Release|Any CPU
		{98BCE92C-F6D3-4375-8BCF-325AA5714D0D}.Release|Any CPU.Build.0 = Release|Any CPU
		{98BCE92C-F6D3-4375-8BCF-325AA5714D0D}.Release|Any CPU.Deploy.0 = Release|Any CPU
		{98BCE92C-F6D3-4375-8BCF-325AA5714D0D}.Release|ARM.ActiveCfg = Release|Any CPU
		{98BCE92C-F6D3-4375-8BCF-325AA5714D0D}.Release|ARM.Build.0 = Release|Any CPU
		{98BCE92C-F6D3-4375-8BCF-325AA5714D0D}.Release|ARM.Deploy.0 = Release|Any CPU
		{98BCE92C-F6D3-4375-8BCF-325AA5714D0D}.Release|iPhone.ActiveCfg = Release|Any CPU
		{98BCE92C-F6D3-4375-8BCF-325AA5714D0D}.Release|iPhone.Build.0 = Release|Any CPU
		{98BCE92C-F6D3-4375-8BCF-325AA5714D0D}.Release|iPhone.Deploy.0 = Release|Any CPU
		{98BCE92C-F6D3-4375-8BCF-325AA5714D0D}.Release|iPhoneSimulator.ActiveCfg = Release|Any CPU
		{98BCE92C-F6D3-4375-8BCF-325AA5714D0D}.Release|iPhoneSimulator.Build.0 = Release|Any CPU
		{98BCE92C-F6D3-4375-8BCF-325AA5714D0D}.Release|iPhoneSimulator.Deploy.0 = Release|Any CPU
		{98BCE92C-F6D3-4375-8BCF-325AA5714D0D}.Release|x64.ActiveCfg = Release|Any CPU
		{98BCE92C-F6D3-4375-8BCF-325AA5714D0D}.Release|x64.Build.0 = Release|Any CPU
		{98BCE92C-F6D3-4375-8BCF-325AA5714D0D}.Release|x64.Deploy.0 = Release|Any CPU
		{98BCE92C-F6D3-4375-8BCF-325AA5714D0D}.Release|x86.ActiveCfg = Release|Any CPU
		{98BCE92C-F6D3-4375-8BCF-325AA5714D0D}.Release|x86.Build.0 = Release|Any CPU
		{98BCE92C-F6D3-4375-8BCF-325AA5714D0D}.Release|x86.Deploy.0 = Release|Any CPU
		{CDDD9B17-FD63-4707-9381-A5D452628186}.Ad-Hoc|Any CPU.ActiveCfg = Ad-Hoc|iPhone
		{CDDD9B17-FD63-4707-9381-A5D452628186}.Ad-Hoc|ARM.ActiveCfg = Ad-Hoc|iPhone
		{CDDD9B17-FD63-4707-9381-A5D452628186}.Ad-Hoc|iPhone.ActiveCfg = Ad-Hoc|iPhone
		{CDDD9B17-FD63-4707-9381-A5D452628186}.Ad-Hoc|iPhone.Build.0 = Ad-Hoc|iPhone
		{CDDD9B17-FD63-4707-9381-A5D452628186}.Ad-Hoc|iPhoneSimulator.ActiveCfg = Ad-Hoc|iPhoneSimulator
		{CDDD9B17-FD63-4707-9381-A5D452628186}.Ad-Hoc|iPhoneSimulator.Build.0 = Ad-Hoc|iPhoneSimulator
		{CDDD9B17-FD63-4707-9381-A5D452628186}.Ad-Hoc|x64.ActiveCfg = Ad-Hoc|iPhone
		{CDDD9B17-FD63-4707-9381-A5D452628186}.Ad-Hoc|x86.ActiveCfg = Ad-Hoc|iPhone
		{CDDD9B17-FD63-4707-9381-A5D452628186}.AppStore|Any CPU.ActiveCfg = AppStore|iPhone
		{CDDD9B17-FD63-4707-9381-A5D452628186}.AppStore|ARM.ActiveCfg = AppStore|iPhone
		{CDDD9B17-FD63-4707-9381-A5D452628186}.AppStore|iPhone.ActiveCfg = AppStore|iPhone
		{CDDD9B17-FD63-4707-9381-A5D452628186}.AppStore|iPhone.Build.0 = AppStore|iPhone
		{CDDD9B17-FD63-4707-9381-A5D452628186}.AppStore|iPhoneSimulator.ActiveCfg = AppStore|iPhoneSimulator
		{CDDD9B17-FD63-4707-9381-A5D452628186}.AppStore|iPhoneSimulator.Build.0 = AppStore|iPhoneSimulator
		{CDDD9B17-FD63-4707-9381-A5D452628186}.AppStore|x64.ActiveCfg = AppStore|iPhone
		{CDDD9B17-FD63-4707-9381-A5D452628186}.AppStore|x86.ActiveCfg = AppStore|iPhone
		{CDDD9B17-FD63-4707-9381-A5D452628186}.Debug|Any CPU.ActiveCfg = Debug|iPhone
		{CDDD9B17-FD63-4707-9381-A5D452628186}.Debug|ARM.ActiveCfg = Debug|iPhone
		{CDDD9B17-FD63-4707-9381-A5D452628186}.Debug|iPhone.ActiveCfg = Debug|iPhone
		{CDDD9B17-FD63-4707-9381-A5D452628186}.Debug|iPhone.Build.0 = Debug|iPhone
		{CDDD9B17-FD63-4707-9381-A5D452628186}.Debug|iPhoneSimulator.ActiveCfg = Debug|iPhoneSimulator
		{CDDD9B17-FD63-4707-9381-A5D452628186}.Debug|iPhoneSimulator.Build.0 = Debug|iPhoneSimulator
		{CDDD9B17-FD63-4707-9381-A5D452628186}.Debug|x64.ActiveCfg = Debug|iPhone
		{CDDD9B17-FD63-4707-9381-A5D452628186}.Debug|x86.ActiveCfg = Debug|iPhone
		{CDDD9B17-FD63-4707-9381-A5D452628186}.Release|Any CPU.ActiveCfg = Release|iPhone
		{CDDD9B17-FD63-4707-9381-A5D452628186}.Release|ARM.ActiveCfg = Release|iPhone
		{CDDD9B17-FD63-4707-9381-A5D452628186}.Release|iPhone.ActiveCfg = Release|iPhone
		{CDDD9B17-FD63-4707-9381-A5D452628186}.Release|iPhone.Build.0 = Release|iPhone
		{CDDD9B17-FD63-4707-9381-A5D452628186}.Release|iPhoneSimulator.ActiveCfg = Release|iPhoneSimulator
		{CDDD9B17-FD63-4707-9381-A5D452628186}.Release|iPhoneSimulator.Build.0 = Release|iPhoneSimulator
		{CDDD9B17-FD63-4707-9381-A5D452628186}.Release|x64.ActiveCfg = Release|iPhone
		{CDDD9B17-FD63-4707-9381-A5D452628186}.Release|x86.ActiveCfg = Release|iPhone
		{156B3562-6AB5-4EC1-8C35-71E7D85EB632}.Ad-Hoc|Any CPU.ActiveCfg = Release|x86
		{156B3562-6AB5-4EC1-8C35-71E7D85EB632}.Ad-Hoc|Any CPU.Build.0 = Release|x86
		{156B3562-6AB5-4EC1-8C35-71E7D85EB632}.Ad-Hoc|Any CPU.Deploy.0 = Release|x86
		{156B3562-6AB5-4EC1-8C35-71E7D85EB632}.Ad-Hoc|ARM.ActiveCfg = Release|ARM
		{156B3562-6AB5-4EC1-8C35-71E7D85EB632}.Ad-Hoc|ARM.Build.0 = Release|ARM
		{156B3562-6AB5-4EC1-8C35-71E7D85EB632}.Ad-Hoc|ARM.Deploy.0 = Release|ARM
		{156B3562-6AB5-4EC1-8C35-71E7D85EB632}.Ad-Hoc|iPhone.ActiveCfg = Release|x86
		{156B3562-6AB5-4EC1-8C35-71E7D85EB632}.Ad-Hoc|iPhone.Build.0 = Release|x86
		{156B3562-6AB5-4EC1-8C35-71E7D85EB632}.Ad-Hoc|iPhone.Deploy.0 = Release|x86
		{156B3562-6AB5-4EC1-8C35-71E7D85EB632}.Ad-Hoc|iPhoneSimulator.ActiveCfg = Release|x86
		{156B3562-6AB5-4EC1-8C35-71E7D85EB632}.Ad-Hoc|iPhoneSimulator.Build.0 = Release|x86
		{156B3562-6AB5-4EC1-8C35-71E7D85EB632}.Ad-Hoc|iPhoneSimulator.Deploy.0 = Release|x86
		{156B3562-6AB5-4EC1-8C35-71E7D85EB632}.Ad-Hoc|x64.ActiveCfg = Release|x64
		{156B3562-6AB5-4EC1-8C35-71E7D85EB632}.Ad-Hoc|x64.Build.0 = Release|x64
		{156B3562-6AB5-4EC1-8C35-71E7D85EB632}.Ad-Hoc|x64.Deploy.0 = Release|x64
		{156B3562-6AB5-4EC1-8C35-71E7D85EB632}.Ad-Hoc|x86.ActiveCfg = Release|x86
		{156B3562-6AB5-4EC1-8C35-71E7D85EB632}.Ad-Hoc|x86.Build.0 = Release|x86
		{156B3562-6AB5-4EC1-8C35-71E7D85EB632}.Ad-Hoc|x86.Deploy.0 = Release|x86
		{156B3562-6AB5-4EC1-8C35-71E7D85EB632}.AppStore|Any CPU.ActiveCfg = Release|x86
		{156B3562-6AB5-4EC1-8C35-71E7D85EB632}.AppStore|Any CPU.Build.0 = Release|x86
		{156B3562-6AB5-4EC1-8C35-71E7D85EB632}.AppStore|Any CPU.Deploy.0 = Release|x86
		{156B3562-6AB5-4EC1-8C35-71E7D85EB632}.AppStore|ARM.ActiveCfg = Release|ARM
		{156B3562-6AB5-4EC1-8C35-71E7D85EB632}.AppStore|ARM.Build.0 = Release|ARM
		{156B3562-6AB5-4EC1-8C35-71E7D85EB632}.AppStore|ARM.Deploy.0 = Release|ARM
		{156B3562-6AB5-4EC1-8C35-71E7D85EB632}.AppStore|iPhone.ActiveCfg = Release|x86
		{156B3562-6AB5-4EC1-8C35-71E7D85EB632}.AppStore|iPhone.Build.0 = Release|x86
		{156B3562-6AB5-4EC1-8C35-71E7D85EB632}.AppStore|iPhone.Deploy.0 = Release|x86
		{156B3562-6AB5-4EC1-8C35-71E7D85EB632}.AppStore|iPhoneSimulator.ActiveCfg = Release|x86
		{156B3562-6AB5-4EC1-8C35-71E7D85EB632}.AppStore|iPhoneSimulator.Build.0 = Release|x86
		{156B3562-6AB5-4EC1-8C35-71E7D85EB632}.AppStore|iPhoneSimulator.Deploy.0 = Release|x86
		{156B3562-6AB5-4EC1-8C35-71E7D85EB632}.AppStore|x64.ActiveCfg = Release|x64
		{156B3562-6AB5-4EC1-8C35-71E7D85EB632}.AppStore|x64.Build.0 = Release|x64
		{156B3562-6AB5-4EC1-8C35-71E7D85EB632}.AppStore|x64.Deploy.0 = Release|x64
		{156B3562-6AB5-4EC1-8C35-71E7D85EB632}.AppStore|x86.ActiveCfg = Release|x86
		{156B3562-6AB5-4EC1-8C35-71E7D85EB632}.AppStore|x86.Build.0 = Release|x86
		{156B3562-6AB5-4EC1-8C35-71E7D85EB632}.AppStore|x86.Deploy.0 = Release|x86
		{156B3562-6AB5-4EC1-8C35-71E7D85EB632}.Debug|Any CPU.ActiveCfg = Debug|x86
		{156B3562-6AB5-4EC1-8C35-71E7D85EB632}.Debug|ARM.ActiveCfg = Debug|ARM
		{156B3562-6AB5-4EC1-8C35-71E7D85EB632}.Debug|ARM.Build.0 = Debug|ARM
		{156B3562-6AB5-4EC1-8C35-71E7D85EB632}.Debug|ARM.Deploy.0 = Debug|ARM
		{156B3562-6AB5-4EC1-8C35-71E7D85EB632}.Debug|iPhone.ActiveCfg = Debug|x86
		{156B3562-6AB5-4EC1-8C35-71E7D85EB632}.Debug|iPhoneSimulator.ActiveCfg = Debug|x86
		{156B3562-6AB5-4EC1-8C35-71E7D85EB632}.Debug|x64.ActiveCfg = Debug|x64
		{156B3562-6AB5-4EC1-8C35-71E7D85EB632}.Debug|x64.Build.0 = Debug|x64
		{156B3562-6AB5-4EC1-8C35-71E7D85EB632}.Debug|x64.Deploy.0 = Debug|x64
		{156B3562-6AB5-4EC1-8C35-71E7D85EB632}.Debug|x86.ActiveCfg = Debug|x86
		{156B3562-6AB5-4EC1-8C35-71E7D85EB632}.Debug|x86.Build.0 = Debug|x86
		{156B3562-6AB5-4EC1-8C35-71E7D85EB632}.Debug|x86.Deploy.0 = Debug|x86
		{156B3562-6AB5-4EC1-8C35-71E7D85EB632}.Release|Any CPU.ActiveCfg = Release|x86
		{156B3562-6AB5-4EC1-8C35-71E7D85EB632}.Release|ARM.ActiveCfg = Release|ARM
		{156B3562-6AB5-4EC1-8C35-71E7D85EB632}.Release|ARM.Build.0 = Release|ARM
		{156B3562-6AB5-4EC1-8C35-71E7D85EB632}.Release|ARM.Deploy.0 = Release|ARM
		{156B3562-6AB5-4EC1-8C35-71E7D85EB632}.Release|iPhone.ActiveCfg = Release|x86
		{156B3562-6AB5-4EC1-8C35-71E7D85EB632}.Release|iPhoneSimulator.ActiveCfg = Release|x86
		{156B3562-6AB5-4EC1-8C35-71E7D85EB632}.Release|x64.ActiveCfg = Release|x64
		{156B3562-6AB5-4EC1-8C35-71E7D85EB632}.Release|x64.Build.0 = Release|x64
		{156B3562-6AB5-4EC1-8C35-71E7D85EB632}.Release|x64.Deploy.0 = Release|x64
		{156B3562-6AB5-4EC1-8C35-71E7D85EB632}.Release|x86.ActiveCfg = Release|x86
		{156B3562-6AB5-4EC1-8C35-71E7D85EB632}.Release|x86.Build.0 = Release|x86
		{156B3562-6AB5-4EC1-8C35-71E7D85EB632}.Release|x86.Deploy.0 = Release|x86
		{780C49E0-1154-4AE4-A27B-6E433B0ED8EA}.Ad-Hoc|Any CPU.ActiveCfg = Debug|Any CPU
		{780C49E0-1154-4AE4-A27B-6E433B0ED8EA}.Ad-Hoc|Any CPU.Build.0 = Debug|Any CPU
		{780C49E0-1154-4AE4-A27B-6E433B0ED8EA}.Ad-Hoc|ARM.ActiveCfg = Debug|Any CPU
		{780C49E0-1154-4AE4-A27B-6E433B0ED8EA}.Ad-Hoc|ARM.Build.0 = Debug|Any CPU
		{780C49E0-1154-4AE4-A27B-6E433B0ED8EA}.Ad-Hoc|iPhone.ActiveCfg = Debug|Any CPU
		{780C49E0-1154-4AE4-A27B-6E433B0ED8EA}.Ad-Hoc|iPhone.Build.0 = Debug|Any CPU
		{780C49E0-1154-4AE4-A27B-6E433B0ED8EA}.Ad-Hoc|iPhoneSimulator.ActiveCfg = Debug|Any CPU
		{780C49E0-1154-4AE4-A27B-6E433B0ED8EA}.Ad-Hoc|iPhoneSimulator.Build.0 = Debug|Any CPU
		{780C49E0-1154-4AE4-A27B-6E433B0ED8EA}.Ad-Hoc|x64.ActiveCfg = Debug|Any CPU
		{780C49E0-1154-4AE4-A27B-6E433B0ED8EA}.Ad-Hoc|x64.Build.0 = Debug|Any CPU
		{780C49E0-1154-4AE4-A27B-6E433B0ED8EA}.Ad-Hoc|x86.ActiveCfg = Debug|Any CPU
		{780C49E0-1154-4AE4-A27B-6E433B0ED8EA}.Ad-Hoc|x86.Build.0 = Debug|Any CPU
		{780C49E0-1154-4AE4-A27B-6E433B0ED8EA}.AppStore|Any CPU.ActiveCfg = Debug|Any CPU
		{780C49E0-1154-4AE4-A27B-6E433B0ED8EA}.AppStore|Any CPU.Build.0 = Debug|Any CPU
		{780C49E0-1154-4AE4-A27B-6E433B0ED8EA}.AppStore|ARM.ActiveCfg = Debug|Any CPU
		{780C49E0-1154-4AE4-A27B-6E433B0ED8EA}.AppStore|ARM.Build.0 = Debug|Any CPU
		{780C49E0-1154-4AE4-A27B-6E433B0ED8EA}.AppStore|iPhone.ActiveCfg = Debug|Any CPU
		{780C49E0-1154-4AE4-A27B-6E433B0ED8EA}.AppStore|iPhone.Build.0 = Debug|Any CPU
		{780C49E0-1154-4AE4-A27B-6E433B0ED8EA}.AppStore|iPhoneSimulator.ActiveCfg = Debug|Any CPU
		{780C49E0-1154-4AE4-A27B-6E433B0ED8EA}.AppStore|iPhoneSimulator.Build.0 = Debug|Any CPU
		{780C49E0-1154-4AE4-A27B-6E433B0ED8EA}.AppStore|x64.ActiveCfg = Debug|Any CPU
		{780C49E0-1154-4AE4-A27B-6E433B0ED8EA}.AppStore|x64.Build.0 = Debug|Any CPU
		{780C49E0-1154-4AE4-A27B-6E433B0ED8EA}.AppStore|x86.ActiveCfg = Debug|Any CPU
		{780C49E0-1154-4AE4-A27B-6E433B0ED8EA}.AppStore|x86.Build.0 = Debug|Any CPU
		{780C49E0-1154-4AE4-A27B-6E433B0ED8EA}.Debug|Any CPU.ActiveCfg = Debug|Any CPU
		{780C49E0-1154-4AE4-A27B-6E433B0ED8EA}.Debug|Any CPU.Build.0 = Debug|Any CPU
		{780C49E0-1154-4AE4-A27B-6E433B0ED8EA}.Debug|ARM.ActiveCfg = Debug|Any CPU
		{780C49E0-1154-4AE4-A27B-6E433B0ED8EA}.Debug|ARM.Build.0 = Debug|Any CPU
		{780C49E0-1154-4AE4-A27B-6E433B0ED8EA}.Debug|iPhone.ActiveCfg = Debug|Any CPU
		{780C49E0-1154-4AE4-A27B-6E433B0ED8EA}.Debug|iPhone.Build.0 = Debug|Any CPU
		{780C49E0-1154-4AE4-A27B-6E433B0ED8EA}.Debug|iPhoneSimulator.ActiveCfg = Debug|Any CPU
		{780C49E0-1154-4AE4-A27B-6E433B0ED8EA}.Debug|iPhoneSimulator.Build.0 = Debug|Any CPU
		{780C49E0-1154-4AE4-A27B-6E433B0ED8EA}.Debug|x64.ActiveCfg = Debug|Any CPU
		{780C49E0-1154-4AE4-A27B-6E433B0ED8EA}.Debug|x64.Build.0 = Debug|Any CPU
		{780C49E0-1154-4AE4-A27B-6E433B0ED8EA}.Debug|x86.ActiveCfg = Debug|Any CPU
		{780C49E0-1154-4AE4-A27B-6E433B0ED8EA}.Debug|x86.Build.0 = Debug|Any CPU
		{780C49E0-1154-4AE4-A27B-6E433B0ED8EA}.Release|Any CPU.ActiveCfg = Release|Any CPU
		{780C49E0-1154-4AE4-A27B-6E433B0ED8EA}.Release|Any CPU.Build.0 = Release|Any CPU
		{780C49E0-1154-4AE4-A27B-6E433B0ED8EA}.Release|ARM.ActiveCfg = Release|Any CPU
		{780C49E0-1154-4AE4-A27B-6E433B0ED8EA}.Release|ARM.Build.0 = Release|Any CPU
		{780C49E0-1154-4AE4-A27B-6E433B0ED8EA}.Release|iPhone.ActiveCfg = Release|Any CPU
		{780C49E0-1154-4AE4-A27B-6E433B0ED8EA}.Release|iPhone.Build.0 = Release|Any CPU
		{780C49E0-1154-4AE4-A27B-6E433B0ED8EA}.Release|iPhoneSimulator.ActiveCfg = Release|Any CPU
		{780C49E0-1154-4AE4-A27B-6E433B0ED8EA}.Release|iPhoneSimulator.Build.0 = Release|Any CPU
		{780C49E0-1154-4AE4-A27B-6E433B0ED8EA}.Release|x64.ActiveCfg = Release|Any CPU
		{780C49E0-1154-4AE4-A27B-6E433B0ED8EA}.Release|x64.Build.0 = Release|Any CPU
		{780C49E0-1154-4AE4-A27B-6E433B0ED8EA}.Release|x86.ActiveCfg = Release|Any CPU
		{780C49E0-1154-4AE4-A27B-6E433B0ED8EA}.Release|x86.Build.0 = Release|Any CPU
	EndGlobalSection
	GlobalSection(SolutionProperties) = preSolution
		HideSolutionNode = FALSE
	EndGlobalSection
	GlobalSection(ExtensibilityGlobals) = postSolution
		SolutionGuid = {24B43B1F-1C2B-49D2-BBCA-D1C502C66185}
	EndGlobalSection
EndGlobal
