
Microsoft Visual Studio Solution File, Format Version 12.00
# Visual Studio 15
VisualStudioVersion = 15.0.27130.2027
MinimumVisualStudioVersion = 10.0.40219.1
Project("{FAE04EC0-301F-11D3-BF4B-00C04F79EFBC}") = "TestAppButtonCircle.Android", "TestAppButtonCircle\TestAppButtonCircle.Android\TestAppButtonCircle.Android.csproj", "{48C09F13-063B-4324-AAA1-CD1A44F61955}"
EndProject
Project("{FAE04EC0-301F-11D3-BF4B-00C04F79EFBC}") = "TestAppButtonCircle.iOS", "TestAppButtonCircle\TestAppButtonCircle.iOS\TestAppButtonCircle.iOS.csproj", "{CE11F3B4-6FDE-4C9B-AFCF-C42E7696B48B}"
EndProject
Project("{FAE04EC0-301F-11D3-BF4B-00C04F79EFBC}") = "TestAppButtonCircle.UWP", "TestAppButtonCircle\TestAppButtonCircle.UWP\TestAppButtonCircle.UWP.csproj", "{F8BA2BF7-A9AD-4987-B808-CD408869C08D}"
EndProject
Project("{FAE04EC0-301F-11D3-BF4B-00C04F79EFBC}") = "TestAppButtonCircle", "TestAppButtonCircle\TestAppButtonCircle\TestAppButtonCircle.csproj", "{408D596D-CABC-4DC7-8DF1-056D9643235C}"
EndProject
Global
	GlobalSection(SolutionConfigurationPlatforms) = preSolution
		Ad-Hoc|Any CPU = Ad-Hoc|Any CPU
		Ad-Hoc|ARM = Ad-Hoc|ARM
		Ad-Hoc|iPhone = Ad-Hoc|iPhone
		Ad-Hoc|iPhoneSimulator = Ad-Hoc|iPhoneSimulator
		Ad-Hoc|x64 = Ad-Hoc|x64
		Ad-Hoc|x86 = Ad-Hoc|x86
		AppStore|Any CPU = AppStore|Any CPU
		AppStore|ARM = AppStore|ARM
		AppStore|iPhone = AppStore|iPhone
		AppStore|iPhoneSimulator = AppStore|iPhoneSimulator
		AppStore|x64 = AppStore|x64
		AppStore|x86 = AppStore|x86
		Debug|Any CPU = Debug|Any CPU
		Debug|ARM = Debug|ARM
		Debug|iPhone = Debug|iPhone
		Debug|iPhoneSimulator = Debug|iPhoneSimulator
		Debug|x64 = Debug|x64
		Debug|x86 = Debug|x86
		Release|Any CPU = Release|Any CPU
		Release|ARM = Release|ARM
		Release|iPhone = Release|iPhone
		Release|iPhoneSimulator = Release|iPhoneSimulator
		Release|x64 = Release|x64
		Release|x86 = Release|x86
	EndGlobalSection
	GlobalSection(ProjectConfigurationPlatforms) = postSolution
		{48C09F13-063B-4324-AAA1-CD1A44F61955}.Ad-Hoc|Any CPU.ActiveCfg = Release|Any CPU
		{48C09F13-063B-4324-AAA1-CD1A44F61955}.Ad-Hoc|Any CPU.Build.0 = Release|Any CPU
		{48C09F13-063B-4324-AAA1-CD1A44F61955}.Ad-Hoc|Any CPU.Deploy.0 = Release|Any CPU
		{48C09F13-063B-4324-AAA1-CD1A44F61955}.Ad-Hoc|ARM.ActiveCfg = Release|Any CPU
		{48C09F13-063B-4324-AAA1-CD1A44F61955}.Ad-Hoc|ARM.Build.0 = Release|Any CPU
		{48C09F13-063B-4324-AAA1-CD1A44F61955}.Ad-Hoc|ARM.Deploy.0 = Release|Any CPU
		{48C09F13-063B-4324-AAA1-CD1A44F61955}.Ad-Hoc|iPhone.ActiveCfg = Release|Any CPU
		{48C09F13-063B-4324-AAA1-CD1A44F61955}.Ad-Hoc|iPhone.Build.0 = Release|Any CPU
		{48C09F13-063B-4324-AAA1-CD1A44F61955}.Ad-Hoc|iPhone.Deploy.0 = Release|Any CPU
		{48C09F13-063B-4324-AAA1-CD1A44F61955}.Ad-Hoc|iPhoneSimulator.ActiveCfg = Release|Any CPU
		{48C09F13-063B-4324-AAA1-CD1A44F61955}.Ad-Hoc|iPhoneSimulator.Build.0 = Release|Any CPU
		{48C09F13-063B-4324-AAA1-CD1A44F61955}.Ad-Hoc|iPhoneSimulator.Deploy.0 = Release|Any CPU
		{48C09F13-063B-4324-AAA1-CD1A44F61955}.Ad-Hoc|x64.ActiveCfg = Release|Any CPU
		{48C09F13-063B-4324-AAA1-CD1A44F61955}.Ad-Hoc|x64.Build.0 = Release|Any CPU
		{48C09F13-063B-4324-AAA1-CD1A44F61955}.Ad-Hoc|x64.Deploy.0 = Release|Any CPU
		{48C09F13-063B-4324-AAA1-CD1A44F61955}.Ad-Hoc|x86.ActiveCfg = Release|Any CPU
		{48C09F13-063B-4324-AAA1-CD1A44F61955}.Ad-Hoc|x86.Build.0 = Release|Any CPU
		{48C09F13-063B-4324-AAA1-CD1A44F61955}.Ad-Hoc|x86.Deploy.0 = Release|Any CPU
		{48C09F13-063B-4324-AAA1-CD1A44F61955}.AppStore|Any CPU.ActiveCfg = Release|Any CPU
		{48C09F13-063B-4324-AAA1-CD1A44F61955}.AppStore|Any CPU.Build.0 = Release|Any CPU
		{48C09F13-063B-4324-AAA1-CD1A44F61955}.AppStore|Any CPU.Deploy.0 = Release|Any CPU
		{48C09F13-063B-4324-AAA1-CD1A44F61955}.AppStore|ARM.ActiveCfg = Release|Any CPU
		{48C09F13-063B-4324-AAA1-CD1A44F61955}.AppStore|ARM.Build.0 = Release|Any CPU
		{48C09F13-063B-4324-AAA1-CD1A44F61955}.AppStore|ARM.Deploy.0 = Release|Any CPU
		{48C09F13-063B-4324-AAA1-CD1A44F61955}.AppStore|iPhone.ActiveCfg = Release|Any CPU
		{48C09F13-063B-4324-AAA1-CD1A44F61955}.AppStore|iPhone.Build.0 = Release|Any CPU
		{48C09F13-063B-4324-AAA1-CD1A44F61955}.AppStore|iPhone.Deploy.0 = Release|Any CPU
		{48C09F13-063B-4324-AAA1-CD1A44F61955}.AppStore|iPhoneSimulator.ActiveCfg = Release|Any CPU
		{48C09F13-063B-4324-AAA1-CD1A44F61955}.AppStore|iPhoneSimulator.Build.0 = Release|Any CPU
		{48C09F13-063B-4324-AAA1-CD1A44F61955}.AppStore|iPhoneSimulator.Deploy.0 = Release|Any CPU
		{48C09F13-063B-4324-AAA1-CD1A44F61955}.AppStore|x64.ActiveCfg = Release|Any CPU
		{48C09F13-063B-4324-AAA1-CD1A44F61955}.AppStore|x64.Build.0 = Release|Any CPU
		{48C09F13-063B-4324-AAA1-CD1A44F61955}.AppStore|x64.Deploy.0 = Release|Any CPU
		{48C09F13-063B-4324-AAA1-CD1A44F61955}.AppStore|x86.ActiveCfg = Release|Any CPU
		{48C09F13-063B-4324-AAA1-CD1A44F61955}.AppStore|x86.Build.0 = Release|Any CPU
		{48C09F13-063B-4324-AAA1-CD1A44F61955}.AppStore|x86.Deploy.0 = Release|Any CPU
		{48C09F13-063B-4324-AAA1-CD1A44F61955}.Debug|Any CPU.ActiveCfg = Debug|Any CPU
		{48C09F13-063B-4324-AAA1-CD1A44F61955}.Debug|Any CPU.Build.0 = Debug|Any CPU
		{48C09F13-063B-4324-AAA1-CD1A44F61955}.Debug|Any CPU.Deploy.0 = Debug|Any CPU
		{48C09F13-063B-4324-AAA1-CD1A44F61955}.Debug|ARM.ActiveCfg = Debug|Any CPU
		{48C09F13-063B-4324-AAA1-CD1A44F61955}.Debug|ARM.Build.0 = Debug|Any CPU
		{48C09F13-063B-4324-AAA1-CD1A44F61955}.Debug|ARM.Deploy.0 = Debug|Any CPU
		{48C09F13-063B-4324-AAA1-CD1A44F61955}.Debug|iPhone.ActiveCfg = Debug|Any CPU
		{48C09F13-063B-4324-AAA1-CD1A44F61955}.Debug|iPhone.Build.0 = Debug|Any CPU
		{48C09F13-063B-4324-AAA1-CD1A44F61955}.Debug|iPhone.Deploy.0 = Debug|Any CPU
		{48C09F13-063B-4324-AAA1-CD1A44F61955}.Debug|iPhoneSimulator.ActiveCfg = Debug|Any CPU
		{48C09F13-063B-4324-AAA1-CD1A44F61955}.Debug|iPhoneSimulator.Build.0 = Debug|Any CPU
		{48C09F13-063B-4324-AAA1-CD1A44F61955}.Debug|iPhoneSimulator.Deploy.0 = Debug|Any CPU
		{48C09F13-063B-4324-AAA1-CD1A44F61955}.Debug|x64.ActiveCfg = Debug|Any CPU
		{48C09F13-063B-4324-AAA1-CD1A44F61955}.Debug|x64.Build.0 = Debug|Any CPU
		{48C09F13-063B-4324-AAA1-CD1A44F61955}.Debug|x64.Deploy.0 = Debug|Any CPU
		{48C09F13-063B-4324-AAA1-CD1A44F61955}.Debug|x86.ActiveCfg = Debug|Any CPU
		{48C09F13-063B-4324-AAA1-CD1A44F61955}.Debug|x86.Build.0 = Debug|Any CPU
		{48C09F13-063B-4324-AAA1-CD1A44F61955}.Debug|x86.Deploy.0 = Debug|Any CPU
		{48C09F13-063B-4324-AAA1-CD1A44F61955}.Release|Any CPU.ActiveCfg = Release|Any CPU
		{48C09F13-063B-4324-AAA1-CD1A44F61955}.Release|Any CPU.Build.0 = Release|Any CPU
		{48C09F13-063B-4324-AAA1-CD1A44F61955}.Release|Any CPU.Deploy.0 = Release|Any CPU
		{48C09F13-063B-4324-AAA1-CD1A44F61955}.Release|ARM.ActiveCfg = Release|Any CPU
		{48C09F13-063B-4324-AAA1-CD1A44F61955}.Release|ARM.Build.0 = Release|Any CPU
		{48C09F13-063B-4324-AAA1-CD1A44F61955}.Release|ARM.Deploy.0 = Release|Any CPU
		{48C09F13-063B-4324-AAA1-CD1A44F61955}.Release|iPhone.ActiveCfg = Release|Any CPU
		{48C09F13-063B-4324-AAA1-CD1A44F61955}.Release|iPhone.Build.0 = Release|Any CPU
		{48C09F13-063B-4324-AAA1-CD1A44F61955}.Release|iPhone.Deploy.0 = Release|Any CPU
		{48C09F13-063B-4324-AAA1-CD1A44F61955}.Release|iPhoneSimulator.ActiveCfg = Release|Any CPU
		{48C09F13-063B-4324-AAA1-CD1A44F61955}.Release|iPhoneSimulator.Build.0 = Release|Any CPU
		{48C09F13-063B-4324-AAA1-CD1A44F61955}.Release|iPhoneSimulator.Deploy.0 = Release|Any CPU
		{48C09F13-063B-4324-AAA1-CD1A44F61955}.Release|x64.ActiveCfg = Release|Any CPU
		{48C09F13-063B-4324-AAA1-CD1A44F61955}.Release|x64.Build.0 = Release|Any CPU
		{48C09F13-063B-4324-AAA1-CD1A44F61955}.Release|x64.Deploy.0 = Release|Any CPU
		{48C09F13-063B-4324-AAA1-CD1A44F61955}.Release|x86.ActiveCfg = Release|Any CPU
		{48C09F13-063B-4324-AAA1-CD1A44F61955}.Release|x86.Build.0 = Release|Any CPU
		{48C09F13-063B-4324-AAA1-CD1A44F61955}.Release|x86.Deploy.0 = Release|Any CPU
		{CE11F3B4-6FDE-4C9B-AFCF-C42E7696B48B}.Ad-Hoc|Any CPU.ActiveCfg = Ad-Hoc|iPhone
		{CE11F3B4-6FDE-4C9B-AFCF-C42E7696B48B}.Ad-Hoc|ARM.ActiveCfg = Ad-Hoc|iPhone
		{CE11F3B4-6FDE-4C9B-AFCF-C42E7696B48B}.Ad-Hoc|iPhone.ActiveCfg = Ad-Hoc|iPhone
		{CE11F3B4-6FDE-4C9B-AFCF-C42E7696B48B}.Ad-Hoc|iPhone.Build.0 = Ad-Hoc|iPhone
		{CE11F3B4-6FDE-4C9B-AFCF-C42E7696B48B}.Ad-Hoc|iPhoneSimulator.ActiveCfg = Ad-Hoc|iPhoneSimulator
		{CE11F3B4-6FDE-4C9B-AFCF-C42E7696B48B}.Ad-Hoc|iPhoneSimulator.Build.0 = Ad-Hoc|iPhoneSimulator
		{CE11F3B4-6FDE-4C9B-AFCF-C42E7696B48B}.Ad-Hoc|x64.ActiveCfg = Ad-Hoc|iPhone
		{CE11F3B4-6FDE-4C9B-AFCF-C42E7696B48B}.Ad-Hoc|x86.ActiveCfg = Ad-Hoc|iPhone
		{CE11F3B4-6FDE-4C9B-AFCF-C42E7696B48B}.AppStore|Any CPU.ActiveCfg = AppStore|iPhone
		{CE11F3B4-6FDE-4C9B-AFCF-C42E7696B48B}.AppStore|ARM.ActiveCfg = AppStore|iPhone
		{CE11F3B4-6FDE-4C9B-AFCF-C42E7696B48B}.AppStore|iPhone.ActiveCfg = AppStore|iPhone
		{CE11F3B4-6FDE-4C9B-AFCF-C42E7696B48B}.AppStore|iPhone.Build.0 = AppStore|iPhone
		{CE11F3B4-6FDE-4C9B-AFCF-C42E7696B48B}.AppStore|iPhoneSimulator.ActiveCfg = AppStore|iPhoneSimulator
		{CE11F3B4-6FDE-4C9B-AFCF-C42E7696B48B}.AppStore|iPhoneSimulator.Build.0 = AppStore|iPhoneSimulator
		{CE11F3B4-6FDE-4C9B-AFCF-C42E7696B48B}.AppStore|x64.ActiveCfg = AppStore|iPhone
		{CE11F3B4-6FDE-4C9B-AFCF-C42E7696B48B}.AppStore|x86.ActiveCfg = AppStore|iPhone
		{CE11F3B4-6FDE-4C9B-AFCF-C42E7696B48B}.Debug|Any CPU.ActiveCfg = Debug|iPhone
		{CE11F3B4-6FDE-4C9B-AFCF-C42E7696B48B}.Debug|ARM.ActiveCfg = Debug|iPhone
		{CE11F3B4-6FDE-4C9B-AFCF-C42E7696B48B}.Debug|iPhone.ActiveCfg = Debug|iPhone
		{CE11F3B4-6FDE-4C9B-AFCF-C42E7696B48B}.Debug|iPhone.Build.0 = Debug|iPhone
		{CE11F3B4-6FDE-4C9B-AFCF-C42E7696B48B}.Debug|iPhoneSimulator.ActiveCfg = Debug|iPhoneSimulator
		{CE11F3B4-6FDE-4C9B-AFCF-C42E7696B48B}.Debug|iPhoneSimulator.Build.0 = Debug|iPhoneSimulator
		{CE11F3B4-6FDE-4C9B-AFCF-C42E7696B48B}.Debug|x64.ActiveCfg = Debug|iPhone
		{CE11F3B4-6FDE-4C9B-AFCF-C42E7696B48B}.Debug|x86.ActiveCfg = Debug|iPhone
		{CE11F3B4-6FDE-4C9B-AFCF-C42E7696B48B}.Release|Any CPU.ActiveCfg = Release|iPhone
		{CE11F3B4-6FDE-4C9B-AFCF-C42E7696B48B}.Release|ARM.ActiveCfg = Release|iPhone
		{CE11F3B4-6FDE-4C9B-AFCF-C42E7696B48B}.Release|iPhone.ActiveCfg = Release|iPhone
		{CE11F3B4-6FDE-4C9B-AFCF-C42E7696B48B}.Release|iPhone.Build.0 = Release|iPhone
		{CE11F3B4-6FDE-4C9B-AFCF-C42E7696B48B}.Release|iPhoneSimulator.ActiveCfg = Release|iPhoneSimulator
		{CE11F3B4-6FDE-4C9B-AFCF-C42E7696B48B}.Release|iPhoneSimulator.Build.0 = Release|iPhoneSimulator
		{CE11F3B4-6FDE-4C9B-AFCF-C42E7696B48B}.Release|x64.ActiveCfg = Release|iPhone
		{CE11F3B4-6FDE-4C9B-AFCF-C42E7696B48B}.Release|x86.ActiveCfg = Release|iPhone
		{F8BA2BF7-A9AD-4987-B808-CD408869C08D}.Ad-Hoc|Any CPU.ActiveCfg = Release|x86
		{F8BA2BF7-A9AD-4987-B808-CD408869C08D}.Ad-Hoc|Any CPU.Build.0 = Release|x86
		{F8BA2BF7-A9AD-4987-B808-CD408869C08D}.Ad-Hoc|Any CPU.Deploy.0 = Release|x86
		{F8BA2BF7-A9AD-4987-B808-CD408869C08D}.Ad-Hoc|ARM.ActiveCfg = Release|ARM
		{F8BA2BF7-A9AD-4987-B808-CD408869C08D}.Ad-Hoc|ARM.Build.0 = Release|ARM
		{F8BA2BF7-A9AD-4987-B808-CD408869C08D}.Ad-Hoc|ARM.Deploy.0 = Release|ARM
		{F8BA2BF7-A9AD-4987-B808-CD408869C08D}.Ad-Hoc|iPhone.ActiveCfg = Release|x86
		{F8BA2BF7-A9AD-4987-B808-CD408869C08D}.Ad-Hoc|iPhone.Build.0 = Release|x86
		{F8BA2BF7-A9AD-4987-B808-CD408869C08D}.Ad-Hoc|iPhone.Deploy.0 = Release|x86
		{F8BA2BF7-A9AD-4987-B808-CD408869C08D}.Ad-Hoc|iPhoneSimulator.ActiveCfg = Release|x86
		{F8BA2BF7-A9AD-4987-B808-CD408869C08D}.Ad-Hoc|iPhoneSimulator.Build.0 = Release|x86
		{F8BA2BF7-A9AD-4987-B808-CD408869C08D}.Ad-Hoc|iPhoneSimulator.Deploy.0 = Release|x86
		{F8BA2BF7-A9AD-4987-B808-CD408869C08D}.Ad-Hoc|x64.ActiveCfg = Release|x64
		{F8BA2BF7-A9AD-4987-B808-CD408869C08D}.Ad-Hoc|x64.Build.0 = Release|x64
		{F8BA2BF7-A9AD-4987-B808-CD408869C08D}.Ad-Hoc|x64.Deploy.0 = Release|x64
		{F8BA2BF7-A9AD-4987-B808-CD408869C08D}.Ad-Hoc|x86.ActiveCfg = Release|x86
		{F8BA2BF7-A9AD-4987-B808-CD408869C08D}.Ad-Hoc|x86.Build.0 = Release|x86
		{F8BA2BF7-A9AD-4987-B808-CD408869C08D}.Ad-Hoc|x86.Deploy.0 = Release|x86
		{F8BA2BF7-A9AD-4987-B808-CD408869C08D}.AppStore|Any CPU.ActiveCfg = Release|x86
		{F8BA2BF7-A9AD-4987-B808-CD408869C08D}.AppStore|Any CPU.Build.0 = Release|x86
		{F8BA2BF7-A9AD-4987-B808-CD408869C08D}.AppStore|Any CPU.Deploy.0 = Release|x86
		{F8BA2BF7-A9AD-4987-B808-CD408869C08D}.AppStore|ARM.ActiveCfg = Release|ARM
		{F8BA2BF7-A9AD-4987-B808-CD408869C08D}.AppStore|ARM.Build.0 = Release|ARM
		{F8BA2BF7-A9AD-4987-B808-CD408869C08D}.AppStore|ARM.Deploy.0 = Release|ARM
		{F8BA2BF7-A9AD-4987-B808-CD408869C08D}.AppStore|iPhone.ActiveCfg = Release|x86
		{F8BA2BF7-A9AD-4987-B808-CD408869C08D}.AppStore|iPhone.Build.0 = Release|x86
		{F8BA2BF7-A9AD-4987-B808-CD408869C08D}.AppStore|iPhone.Deploy.0 = Release|x86
		{F8BA2BF7-A9AD-4987-B808-CD408869C08D}.AppStore|iPhoneSimulator.ActiveCfg = Release|x86
		{F8BA2BF7-A9AD-4987-B808-CD408869C08D}.AppStore|iPhoneSimulator.Build.0 = Release|x86
		{F8BA2BF7-A9AD-4987-B808-CD408869C08D}.AppStore|iPhoneSimulator.Deploy.0 = Release|x86
		{F8BA2BF7-A9AD-4987-B808-CD408869C08D}.AppStore|x64.ActiveCfg = Release|x64
		{F8BA2BF7-A9AD-4987-B808-CD408869C08D}.AppStore|x64.Build.0 = Release|x64
		{F8BA2BF7-A9AD-4987-B808-CD408869C08D}.AppStore|x64.Deploy.0 = Release|x64
		{F8BA2BF7-A9AD-4987-B808-CD408869C08D}.AppStore|x86.ActiveCfg = Release|x86
		{F8BA2BF7-A9AD-4987-B808-CD408869C08D}.AppStore|x86.Build.0 = Release|x86
		{F8BA2BF7-A9AD-4987-B808-CD408869C08D}.AppStore|x86.Deploy.0 = Release|x86
		{F8BA2BF7-A9AD-4987-B808-CD408869C08D}.Debug|Any CPU.ActiveCfg = Debug|x86
		{F8BA2BF7-A9AD-4987-B808-CD408869C08D}.Debug|ARM.ActiveCfg = Debug|ARM
		{F8BA2BF7-A9AD-4987-B808-CD408869C08D}.Debug|ARM.Build.0 = Debug|ARM
		{F8BA2BF7-A9AD-4987-B808-CD408869C08D}.Debug|ARM.Deploy.0 = Debug|ARM
		{F8BA2BF7-A9AD-4987-B808-CD408869C08D}.Debug|iPhone.ActiveCfg = Debug|x86
		{F8BA2BF7-A9AD-4987-B808-CD408869C08D}.Debug|iPhoneSimulator.ActiveCfg = Debug|x86
		{F8BA2BF7-A9AD-4987-B808-CD408869C08D}.Debug|x64.ActiveCfg = Debug|x64
		{F8BA2BF7-A9AD-4987-B808-CD408869C08D}.Debug|x64.Build.0 = Debug|x64
		{F8BA2BF7-A9AD-4987-B808-CD408869C08D}.Debug|x64.Deploy.0 = Debug|x64
		{F8BA2BF7-A9AD-4987-B808-CD408869C08D}.Debug|x86.ActiveCfg = Debug|x86
		{F8BA2BF7-A9AD-4987-B808-CD408869C08D}.Debug|x86.Build.0 = Debug|x86
		{F8BA2BF7-A9AD-4987-B808-CD408869C08D}.Debug|x86.Deploy.0 = Debug|x86
		{F8BA2BF7-A9AD-4987-B808-CD408869C08D}.Release|Any CPU.ActiveCfg = Release|x86
		{F8BA2BF7-A9AD-4987-B808-CD408869C08D}.Release|ARM.ActiveCfg = Release|ARM
		{F8BA2BF7-A9AD-4987-B808-CD408869C08D}.Release|ARM.Build.0 = Release|ARM
		{F8BA2BF7-A9AD-4987-B808-CD408869C08D}.Release|ARM.Deploy.0 = Release|ARM
		{F8BA2BF7-A9AD-4987-B808-CD408869C08D}.Release|iPhone.ActiveCfg = Release|x86
		{F8BA2BF7-A9AD-4987-B808-CD408869C08D}.Release|iPhoneSimulator.ActiveCfg = Release|x86
		{F8BA2BF7-A9AD-4987-B808-CD408869C08D}.Release|x64.ActiveCfg = Release|x64
		{F8BA2BF7-A9AD-4987-B808-CD408869C08D}.Release|x64.Build.0 = Release|x64
		{F8BA2BF7-A9AD-4987-B808-CD408869C08D}.Release|x64.Deploy.0 = Release|x64
		{F8BA2BF7-A9AD-4987-B808-CD408869C08D}.Release|x86.ActiveCfg = Release|x86
		{F8BA2BF7-A9AD-4987-B808-CD408869C08D}.Release|x86.Build.0 = Release|x86
		{F8BA2BF7-A9AD-4987-B808-CD408869C08D}.Release|x86.Deploy.0 = Release|x86
		{408D596D-CABC-4DC7-8DF1-056D9643235C}.Ad-Hoc|Any CPU.ActiveCfg = Debug|Any CPU
		{408D596D-CABC-4DC7-8DF1-056D9643235C}.Ad-Hoc|Any CPU.Build.0 = Debug|Any CPU
		{408D596D-CABC-4DC7-8DF1-056D9643235C}.Ad-Hoc|ARM.ActiveCfg = Debug|Any CPU
		{408D596D-CABC-4DC7-8DF1-056D9643235C}.Ad-Hoc|ARM.Build.0 = Debug|Any CPU
		{408D596D-CABC-4DC7-8DF1-056D9643235C}.Ad-Hoc|iPhone.ActiveCfg = Debug|Any CPU
		{408D596D-CABC-4DC7-8DF1-056D9643235C}.Ad-Hoc|iPhone.Build.0 = Debug|Any CPU
		{408D596D-CABC-4DC7-8DF1-056D9643235C}.Ad-Hoc|iPhoneSimulator.ActiveCfg = Debug|Any CPU
		{408D596D-CABC-4DC7-8DF1-056D9643235C}.Ad-Hoc|iPhoneSimulator.Build.0 = Debug|Any CPU
		{408D596D-CABC-4DC7-8DF1-056D9643235C}.Ad-Hoc|x64.ActiveCfg = Debug|Any CPU
		{408D596D-CABC-4DC7-8DF1-056D9643235C}.Ad-Hoc|x64.Build.0 = Debug|Any CPU
		{408D596D-CABC-4DC7-8DF1-056D9643235C}.Ad-Hoc|x86.ActiveCfg = Debug|Any CPU
		{408D596D-CABC-4DC7-8DF1-056D9643235C}.Ad-Hoc|x86.Build.0 = Debug|Any CPU
		{408D596D-CABC-4DC7-8DF1-056D9643235C}.AppStore|Any CPU.ActiveCfg = Debug|Any CPU
		{408D596D-CABC-4DC7-8DF1-056D9643235C}.AppStore|Any CPU.Build.0 = Debug|Any CPU
		{408D596D-CABC-4DC7-8DF1-056D9643235C}.AppStore|ARM.ActiveCfg = Debug|Any CPU
		{408D596D-CABC-4DC7-8DF1-056D9643235C}.AppStore|ARM.Build.0 = Debug|Any CPU
		{408D596D-CABC-4DC7-8DF1-056D9643235C}.AppStore|iPhone.ActiveCfg = Debug|Any CPU
		{408D596D-CABC-4DC7-8DF1-056D9643235C}.AppStore|iPhone.Build.0 = Debug|Any CPU
		{408D596D-CABC-4DC7-8DF1-056D9643235C}.AppStore|iPhoneSimulator.ActiveCfg = Debug|Any CPU
		{408D596D-CABC-4DC7-8DF1-056D9643235C}.AppStore|iPhoneSimulator.Build.0 = Debug|Any CPU
		{408D596D-CABC-4DC7-8DF1-056D9643235C}.AppStore|x64.ActiveCfg = Debug|Any CPU
		{408D596D-CABC-4DC7-8DF1-056D9643235C}.AppStore|x64.Build.0 = Debug|Any CPU
		{408D596D-CABC-4DC7-8DF1-056D9643235C}.AppStore|x86.ActiveCfg = Debug|Any CPU
		{408D596D-CABC-4DC7-8DF1-056D9643235C}.AppStore|x86.Build.0 = Debug|Any CPU
		{408D596D-CABC-4DC7-8DF1-056D9643235C}.Debug|Any CPU.ActiveCfg = Debug|Any CPU
		{408D596D-CABC-4DC7-8DF1-056D9643235C}.Debug|Any CPU.Build.0 = Debug|Any CPU
		{408D596D-CABC-4DC7-8DF1-056D9643235C}.Debug|ARM.ActiveCfg = Debug|Any CPU
		{408D596D-CABC-4DC7-8DF1-056D9643235C}.Debug|ARM.Build.0 = Debug|Any CPU
		{408D596D-CABC-4DC7-8DF1-056D9643235C}.Debug|iPhone.ActiveCfg = Debug|Any CPU
		{408D596D-CABC-4DC7-8DF1-056D9643235C}.Debug|iPhone.Build.0 = Debug|Any CPU
		{408D596D-CABC-4DC7-8DF1-056D9643235C}.Debug|iPhoneSimulator.ActiveCfg = Debug|Any CPU
		{408D596D-CABC-4DC7-8DF1-056D9643235C}.Debug|iPhoneSimulator.Build.0 = Debug|Any CPU
		{408D596D-CABC-4DC7-8DF1-056D9643235C}.Debug|x64.ActiveCfg = Debug|Any CPU
		{408D596D-CABC-4DC7-8DF1-056D9643235C}.Debug|x64.Build.0 = Debug|Any CPU
		{408D596D-CABC-4DC7-8DF1-056D9643235C}.Debug|x86.ActiveCfg = Debug|Any CPU
		{408D596D-CABC-4DC7-8DF1-056D9643235C}.Debug|x86.Build.0 = Debug|Any CPU
		{408D596D-CABC-4DC7-8DF1-056D9643235C}.Release|Any CPU.ActiveCfg = Release|Any CPU
		{408D596D-CABC-4DC7-8DF1-056D9643235C}.Release|Any CPU.Build.0 = Release|Any CPU
		{408D596D-CABC-4DC7-8DF1-056D9643235C}.Release|ARM.ActiveCfg = Release|Any CPU
		{408D596D-CABC-4DC7-8DF1-056D9643235C}.Release|ARM.Build.0 = Release|Any CPU
		{408D596D-CABC-4DC7-8DF1-056D9643235C}.Release|iPhone.ActiveCfg = Release|Any CPU
		{408D596D-CABC-4DC7-8DF1-056D9643235C}.Release|iPhone.Build.0 = Release|Any CPU
		{408D596D-CABC-4DC7-8DF1-056D9643235C}.Release|iPhoneSimulator.ActiveCfg = Release|Any CPU
		{408D596D-CABC-4DC7-8DF1-056D9643235C}.Release|iPhoneSimulator.Build.0 = Release|Any CPU
		{408D596D-CABC-4DC7-8DF1-056D9643235C}.Release|x64.ActiveCfg = Release|Any CPU
		{408D596D-CABC-4DC7-8DF1-056D9643235C}.Release|x64.Build.0 = Release|Any CPU
		{408D596D-CABC-4DC7-8DF1-056D9643235C}.Release|x86.ActiveCfg = Release|Any CPU
		{408D596D-CABC-4DC7-8DF1-056D9643235C}.Release|x86.Build.0 = Release|Any CPU
	EndGlobalSection
	GlobalSection(SolutionProperties) = preSolution
		HideSolutionNode = FALSE
	EndGlobalSection
	GlobalSection(ExtensibilityGlobals) = postSolution
		SolutionGuid = {04800047-32EF-4DF4-9454-1E8E8992A2DF}
	EndGlobalSection
EndGlobal
