
Microsoft Visual Studio Solution File, Format Version 12.00
# Visual Studio 15
VisualStudioVersion = 15.0.26430.6
MinimumVisualStudioVersion = 10.0.40219.1
Project("{FAE04EC0-301F-11D3-BF4B-00C04F79EFBC}") = "test.Android", "test\test.Android\test.Android.csproj", "{323ED9EC-60A0-4CD3-8E49-B41203028EA3}"
EndProject
Project("{FAE04EC0-301F-11D3-BF4B-00C04F79EFBC}") = "test", "test\test\test.csproj", "{55A8E151-DAEC-445A-81B1-575BD0CCA556}"
EndProject
Project("{FAE04EC0-301F-11D3-BF4B-00C04F79EFBC}") = "test.UWP", "test\test.UWP\test.UWP.csproj", "{5165CBAE-DCA0-4D52-A9B8-6143B4AD7D40}"
EndProject
Project("{FAE04EC0-301F-11D3-BF4B-00C04F79EFBC}") = "test.iOS", "test\test.iOS\test.iOS.csproj", "{E75D0916-0B73-4FB8-B3AA-A30DD177290D}"
EndProject
Global
	GlobalSection(SolutionConfigurationPlatforms) = preSolution
		Ad-Hoc|Any CPU = Ad-Hoc|Any CPU
		Ad-Hoc|ARM = Ad-Hoc|ARM
		Ad-Hoc|iPhone = Ad-Hoc|iPhone
		Ad-Hoc|iPhoneSimulator = Ad-Hoc|iPhoneSimulator
		Ad-Hoc|x64 = Ad-Hoc|x64
		Ad-Hoc|x86 = Ad-Hoc|x86
		AppStore|Any CPU = AppStore|Any CPU
		AppStore|ARM = AppStore|ARM
		AppStore|iPhone = AppStore|iPhone
		AppStore|iPhoneSimulator = AppStore|iPhoneSimulator
		AppStore|x64 = AppStore|x64
		AppStore|x86 = AppStore|x86
		Debug|Any CPU = Debug|Any CPU
		Debug|ARM = Debug|ARM
		Debug|iPhone = Debug|iPhone
		Debug|iPhoneSimulator = Debug|iPhoneSimulator
		Debug|x64 = Debug|x64
		Debug|x86 = Debug|x86
		Release|Any CPU = Release|Any CPU
		Release|ARM = Release|ARM
		Release|iPhone = Release|iPhone
		Release|iPhoneSimulator = Release|iPhoneSimulator
		Release|x64 = Release|x64
		Release|x86 = Release|x86
	EndGlobalSection
	GlobalSection(ProjectConfigurationPlatforms) = postSolution
		{323ED9EC-60A0-4CD3-8E49-B41203028EA3}.Ad-Hoc|Any CPU.ActiveCfg = Release|Any CPU
		{323ED9EC-60A0-4CD3-8E49-B41203028EA3}.Ad-Hoc|Any CPU.Build.0 = Release|Any CPU
		{323ED9EC-60A0-4CD3-8E49-B41203028EA3}.Ad-Hoc|Any CPU.Deploy.0 = Release|Any CPU
		{323ED9EC-60A0-4CD3-8E49-B41203028EA3}.Ad-Hoc|ARM.ActiveCfg = Release|Any CPU
		{323ED9EC-60A0-4CD3-8E49-B41203028EA3}.Ad-Hoc|ARM.Build.0 = Release|Any CPU
		{323ED9EC-60A0-4CD3-8E49-B41203028EA3}.Ad-Hoc|ARM.Deploy.0 = Release|Any CPU
		{323ED9EC-60A0-4CD3-8E49-B41203028EA3}.Ad-Hoc|iPhone.ActiveCfg = Release|Any CPU
		{323ED9EC-60A0-4CD3-8E49-B41203028EA3}.Ad-Hoc|iPhone.Build.0 = Release|Any CPU
		{323ED9EC-60A0-4CD3-8E49-B41203028EA3}.Ad-Hoc|iPhone.Deploy.0 = Release|Any CPU
		{323ED9EC-60A0-4CD3-8E49-B41203028EA3}.Ad-Hoc|iPhoneSimulator.ActiveCfg = Release|Any CPU
		{323ED9EC-60A0-4CD3-8E49-B41203028EA3}.Ad-Hoc|iPhoneSimulator.Build.0 = Release|Any CPU
		{323ED9EC-60A0-4CD3-8E49-B41203028EA3}.Ad-Hoc|iPhoneSimulator.Deploy.0 = Release|Any CPU
		{323ED9EC-60A0-4CD3-8E49-B41203028EA3}.Ad-Hoc|x64.ActiveCfg = Release|Any CPU
		{323ED9EC-60A0-4CD3-8E49-B41203028EA3}.Ad-Hoc|x64.Build.0 = Release|Any CPU
		{323ED9EC-60A0-4CD3-8E49-B41203028EA3}.Ad-Hoc|x64.Deploy.0 = Release|Any CPU
		{323ED9EC-60A0-4CD3-8E49-B41203028EA3}.Ad-Hoc|x86.ActiveCfg = Release|Any CPU
		{323ED9EC-60A0-4CD3-8E49-B41203028EA3}.Ad-Hoc|x86.Build.0 = Release|Any CPU
		{323ED9EC-60A0-4CD3-8E49-B41203028EA3}.Ad-Hoc|x86.Deploy.0 = Release|Any CPU
		{323ED9EC-60A0-4CD3-8E49-B41203028EA3}.AppStore|Any CPU.ActiveCfg = Release|Any CPU
		{323ED9EC-60A0-4CD3-8E49-B41203028EA3}.AppStore|Any CPU.Build.0 = Release|Any CPU
		{323ED9EC-60A0-4CD3-8E49-B41203028EA3}.AppStore|Any CPU.Deploy.0 = Release|Any CPU
		{323ED9EC-60A0-4CD3-8E49-B41203028EA3}.AppStore|ARM.ActiveCfg = Release|Any CPU
		{323ED9EC-60A0-4CD3-8E49-B41203028EA3}.AppStore|ARM.Build.0 = Release|Any CPU
		{323ED9EC-60A0-4CD3-8E49-B41203028EA3}.AppStore|ARM.Deploy.0 = Release|Any CPU
		{323ED9EC-60A0-4CD3-8E49-B41203028EA3}.AppStore|iPhone.ActiveCfg = Release|Any CPU
		{323ED9EC-60A0-4CD3-8E49-B41203028EA3}.AppStore|iPhone.Build.0 = Release|Any CPU
		{323ED9EC-60A0-4CD3-8E49-B41203028EA3}.AppStore|iPhone.Deploy.0 = Release|Any CPU
		{323ED9EC-60A0-4CD3-8E49-B41203028EA3}.AppStore|iPhoneSimulator.ActiveCfg = Release|Any CPU
		{323ED9EC-60A0-4CD3-8E49-B41203028EA3}.AppStore|iPhoneSimulator.Build.0 = Release|Any CPU
		{323ED9EC-60A0-4CD3-8E49-B41203028EA3}.AppStore|iPhoneSimulator.Deploy.0 = Release|Any CPU
		{323ED9EC-60A0-4CD3-8E49-B41203028EA3}.AppStore|x64.ActiveCfg = Release|Any CPU
		{323ED9EC-60A0-4CD3-8E49-B41203028EA3}.AppStore|x64.Build.0 = Release|Any CPU
		{323ED9EC-60A0-4CD3-8E49-B41203028EA3}.AppStore|x64.Deploy.0 = Release|Any CPU
		{323ED9EC-60A0-4CD3-8E49-B41203028EA3}.AppStore|x86.ActiveCfg = Release|Any CPU
		{323ED9EC-60A0-4CD3-8E49-B41203028EA3}.AppStore|x86.Build.0 = Release|Any CPU
		{323ED9EC-60A0-4CD3-8E49-B41203028EA3}.AppStore|x86.Deploy.0 = Release|Any CPU
		{323ED9EC-60A0-4CD3-8E49-B41203028EA3}.Debug|Any CPU.ActiveCfg = Debug|Any CPU
		{323ED9EC-60A0-4CD3-8E49-B41203028EA3}.Debug|Any CPU.Build.0 = Debug|Any CPU
		{323ED9EC-60A0-4CD3-8E49-B41203028EA3}.Debug|Any CPU.Deploy.0 = Debug|Any CPU
		{323ED9EC-60A0-4CD3-8E49-B41203028EA3}.Debug|ARM.ActiveCfg = Debug|Any CPU
		{323ED9EC-60A0-4CD3-8E49-B41203028EA3}.Debug|ARM.Build.0 = Debug|Any CPU
		{323ED9EC-60A0-4CD3-8E49-B41203028EA3}.Debug|ARM.Deploy.0 = Debug|Any CPU
		{323ED9EC-60A0-4CD3-8E49-B41203028EA3}.Debug|iPhone.ActiveCfg = Debug|Any CPU
		{323ED9EC-60A0-4CD3-8E49-B41203028EA3}.Debug|iPhone.Build.0 = Debug|Any CPU
		{323ED9EC-60A0-4CD3-8E49-B41203028EA3}.Debug|iPhone.Deploy.0 = Debug|Any CPU
		{323ED9EC-60A0-4CD3-8E49-B41203028EA3}.Debug|iPhoneSimulator.ActiveCfg = Debug|Any CPU
		{323ED9EC-60A0-4CD3-8E49-B41203028EA3}.Debug|iPhoneSimulator.Build.0 = Debug|Any CPU
		{323ED9EC-60A0-4CD3-8E49-B41203028EA3}.Debug|iPhoneSimulator.Deploy.0 = Debug|Any CPU
		{323ED9EC-60A0-4CD3-8E49-B41203028EA3}.Debug|x64.ActiveCfg = Debug|Any CPU
		{323ED9EC-60A0-4CD3-8E49-B41203028EA3}.Debug|x64.Build.0 = Debug|Any CPU
		{323ED9EC-60A0-4CD3-8E49-B41203028EA3}.Debug|x64.Deploy.0 = Debug|Any CPU
		{323ED9EC-60A0-4CD3-8E49-B41203028EA3}.Debug|x86.ActiveCfg = Debug|Any CPU
		{323ED9EC-60A0-4CD3-8E49-B41203028EA3}.Debug|x86.Build.0 = Debug|Any CPU
		{323ED9EC-60A0-4CD3-8E49-B41203028EA3}.Debug|x86.Deploy.0 = Debug|Any CPU
		{323ED9EC-60A0-4CD3-8E49-B41203028EA3}.Release|Any CPU.ActiveCfg = Release|Any CPU
		{323ED9EC-60A0-4CD3-8E49-B41203028EA3}.Release|Any CPU.Build.0 = Release|Any CPU
		{323ED9EC-60A0-4CD3-8E49-B41203028EA3}.Release|Any CPU.Deploy.0 = Release|Any CPU
		{323ED9EC-60A0-4CD3-8E49-B41203028EA3}.Release|ARM.ActiveCfg = Release|Any CPU
		{323ED9EC-60A0-4CD3-8E49-B41203028EA3}.Release|ARM.Build.0 = Release|Any CPU
		{323ED9EC-60A0-4CD3-8E49-B41203028EA3}.Release|ARM.Deploy.0 = Release|Any CPU
		{323ED9EC-60A0-4CD3-8E49-B41203028EA3}.Release|iPhone.ActiveCfg = Release|Any CPU
		{323ED9EC-60A0-4CD3-8E49-B41203028EA3}.Release|iPhone.Build.0 = Release|Any CPU
		{323ED9EC-60A0-4CD3-8E49-B41203028EA3}.Release|iPhone.Deploy.0 = Release|Any CPU
		{323ED9EC-60A0-4CD3-8E49-B41203028EA3}.Release|iPhoneSimulator.ActiveCfg = Release|Any CPU
		{323ED9EC-60A0-4CD3-8E49-B41203028EA3}.Release|iPhoneSimulator.Build.0 = Release|Any CPU
		{323ED9EC-60A0-4CD3-8E49-B41203028EA3}.Release|iPhoneSimulator.Deploy.0 = Release|Any CPU
		{323ED9EC-60A0-4CD3-8E49-B41203028EA3}.Release|x64.ActiveCfg = Release|Any CPU
		{323ED9EC-60A0-4CD3-8E49-B41203028EA3}.Release|x64.Build.0 = Release|Any CPU
		{323ED9EC-60A0-4CD3-8E49-B41203028EA3}.Release|x64.Deploy.0 = Release|Any CPU
		{323ED9EC-60A0-4CD3-8E49-B41203028EA3}.Release|x86.ActiveCfg = Release|Any CPU
		{323ED9EC-60A0-4CD3-8E49-B41203028EA3}.Release|x86.Build.0 = Release|Any CPU
		{323ED9EC-60A0-4CD3-8E49-B41203028EA3}.Release|x86.Deploy.0 = Release|Any CPU
		{55A8E151-DAEC-445A-81B1-575BD0CCA556}.Ad-Hoc|Any CPU.ActiveCfg = Release|Any CPU
		{55A8E151-DAEC-445A-81B1-575BD0CCA556}.Ad-Hoc|Any CPU.Build.0 = Release|Any CPU
		{55A8E151-DAEC-445A-81B1-575BD0CCA556}.Ad-Hoc|ARM.ActiveCfg = Release|Any CPU
		{55A8E151-DAEC-445A-81B1-575BD0CCA556}.Ad-Hoc|ARM.Build.0 = Release|Any CPU
		{55A8E151-DAEC-445A-81B1-575BD0CCA556}.Ad-Hoc|iPhone.ActiveCfg = Release|Any CPU
		{55A8E151-DAEC-445A-81B1-575BD0CCA556}.Ad-Hoc|iPhone.Build.0 = Release|Any CPU
		{55A8E151-DAEC-445A-81B1-575BD0CCA556}.Ad-Hoc|iPhoneSimulator.ActiveCfg = Release|Any CPU
		{55A8E151-DAEC-445A-81B1-575BD0CCA556}.Ad-Hoc|iPhoneSimulator.Build.0 = Release|Any CPU
		{55A8E151-DAEC-445A-81B1-575BD0CCA556}.Ad-Hoc|x64.ActiveCfg = Release|Any CPU
		{55A8E151-DAEC-445A-81B1-575BD0CCA556}.Ad-Hoc|x64.Build.0 = Release|Any CPU
		{55A8E151-DAEC-445A-81B1-575BD0CCA556}.Ad-Hoc|x86.ActiveCfg = Release|Any CPU
		{55A8E151-DAEC-445A-81B1-575BD0CCA556}.Ad-Hoc|x86.Build.0 = Release|Any CPU
		{55A8E151-DAEC-445A-81B1-575BD0CCA556}.AppStore|Any CPU.ActiveCfg = Release|Any CPU
		{55A8E151-DAEC-445A-81B1-575BD0CCA556}.AppStore|Any CPU.Build.0 = Release|Any CPU
		{55A8E151-DAEC-445A-81B1-575BD0CCA556}.AppStore|ARM.ActiveCfg = Release|Any CPU
		{55A8E151-DAEC-445A-81B1-575BD0CCA556}.AppStore|ARM.Build.0 = Release|Any CPU
		{55A8E151-DAEC-445A-81B1-575BD0CCA556}.AppStore|iPhone.ActiveCfg = Release|Any CPU
		{55A8E151-DAEC-445A-81B1-575BD0CCA556}.AppStore|iPhone.Build.0 = Release|Any CPU
		{55A8E151-DAEC-445A-81B1-575BD0CCA556}.AppStore|iPhoneSimulator.ActiveCfg = Release|Any CPU
		{55A8E151-DAEC-445A-81B1-575BD0CCA556}.AppStore|iPhoneSimulator.Build.0 = Release|Any CPU
		{55A8E151-DAEC-445A-81B1-575BD0CCA556}.AppStore|x64.ActiveCfg = Release|Any CPU
		{55A8E151-DAEC-445A-81B1-575BD0CCA556}.AppStore|x64.Build.0 = Release|Any CPU
		{55A8E151-DAEC-445A-81B1-575BD0CCA556}.AppStore|x86.ActiveCfg = Release|Any CPU
		{55A8E151-DAEC-445A-81B1-575BD0CCA556}.AppStore|x86.Build.0 = Release|Any CPU
		{55A8E151-DAEC-445A-81B1-575BD0CCA556}.Debug|Any CPU.ActiveCfg = Debug|Any CPU
		{55A8E151-DAEC-445A-81B1-575BD0CCA556}.Debug|Any CPU.Build.0 = Debug|Any CPU
		{55A8E151-DAEC-445A-81B1-575BD0CCA556}.Debug|ARM.ActiveCfg = Debug|Any CPU
		{55A8E151-DAEC-445A-81B1-575BD0CCA556}.Debug|ARM.Build.0 = Debug|Any CPU
		{55A8E151-DAEC-445A-81B1-575BD0CCA556}.Debug|iPhone.ActiveCfg = Debug|Any CPU
		{55A8E151-DAEC-445A-81B1-575BD0CCA556}.Debug|iPhone.Build.0 = Debug|Any CPU
		{55A8E151-DAEC-445A-81B1-575BD0CCA556}.Debug|iPhoneSimulator.ActiveCfg = Debug|Any CPU
		{55A8E151-DAEC-445A-81B1-575BD0CCA556}.Debug|iPhoneSimulator.Build.0 = Debug|Any CPU
		{55A8E151-DAEC-445A-81B1-575BD0CCA556}.Debug|x64.ActiveCfg = Debug|Any CPU
		{55A8E151-DAEC-445A-81B1-575BD0CCA556}.Debug|x64.Build.0 = Debug|Any CPU
		{55A8E151-DAEC-445A-81B1-575BD0CCA556}.Debug|x86.ActiveCfg = Debug|Any CPU
		{55A8E151-DAEC-445A-81B1-575BD0CCA556}.Debug|x86.Build.0 = Debug|Any CPU
		{55A8E151-DAEC-445A-81B1-575BD0CCA556}.Release|Any CPU.ActiveCfg = Release|Any CPU
		{55A8E151-DAEC-445A-81B1-575BD0CCA556}.Release|Any CPU.Build.0 = Release|Any CPU
		{55A8E151-DAEC-445A-81B1-575BD0CCA556}.Release|ARM.ActiveCfg = Release|Any CPU
		{55A8E151-DAEC-445A-81B1-575BD0CCA556}.Release|ARM.Build.0 = Release|Any CPU
		{55A8E151-DAEC-445A-81B1-575BD0CCA556}.Release|iPhone.ActiveCfg = Release|Any CPU
		{55A8E151-DAEC-445A-81B1-575BD0CCA556}.Release|iPhone.Build.0 = Release|Any CPU
		{55A8E151-DAEC-445A-81B1-575BD0CCA556}.Release|iPhoneSimulator.ActiveCfg = Release|Any CPU
		{55A8E151-DAEC-445A-81B1-575BD0CCA556}.Release|iPhoneSimulator.Build.0 = Release|Any CPU
		{55A8E151-DAEC-445A-81B1-575BD0CCA556}.Release|x64.ActiveCfg = Release|Any CPU
		{55A8E151-DAEC-445A-81B1-575BD0CCA556}.Release|x64.Build.0 = Release|Any CPU
		{55A8E151-DAEC-445A-81B1-575BD0CCA556}.Release|x86.ActiveCfg = Release|Any CPU
		{55A8E151-DAEC-445A-81B1-575BD0CCA556}.Release|x86.Build.0 = Release|Any CPU
		{5165CBAE-DCA0-4D52-A9B8-6143B4AD7D40}.Ad-Hoc|Any CPU.ActiveCfg = Release|x86
		{5165CBAE-DCA0-4D52-A9B8-6143B4AD7D40}.Ad-Hoc|Any CPU.Build.0 = Release|x86
		{5165CBAE-DCA0-4D52-A9B8-6143B4AD7D40}.Ad-Hoc|Any CPU.Deploy.0 = Release|x86
		{5165CBAE-DCA0-4D52-A9B8-6143B4AD7D40}.Ad-Hoc|ARM.ActiveCfg = Release|ARM
		{5165CBAE-DCA0-4D52-A9B8-6143B4AD7D40}.Ad-Hoc|ARM.Build.0 = Release|ARM
		{5165CBAE-DCA0-4D52-A9B8-6143B4AD7D40}.Ad-Hoc|ARM.Deploy.0 = Release|ARM
		{5165CBAE-DCA0-4D52-A9B8-6143B4AD7D40}.Ad-Hoc|iPhone.ActiveCfg = Release|x86
		{5165CBAE-DCA0-4D52-A9B8-6143B4AD7D40}.Ad-Hoc|iPhone.Build.0 = Release|x86
		{5165CBAE-DCA0-4D52-A9B8-6143B4AD7D40}.Ad-Hoc|iPhone.Deploy.0 = Release|x86
		{5165CBAE-DCA0-4D52-A9B8-6143B4AD7D40}.Ad-Hoc|iPhoneSimulator.ActiveCfg = Release|x86
		{5165CBAE-DCA0-4D52-A9B8-6143B4AD7D40}.Ad-Hoc|iPhoneSimulator.Build.0 = Release|x86
		{5165CBAE-DCA0-4D52-A9B8-6143B4AD7D40}.Ad-Hoc|iPhoneSimulator.Deploy.0 = Release|x86
		{5165CBAE-DCA0-4D52-A9B8-6143B4AD7D40}.Ad-Hoc|x64.ActiveCfg = Release|x64
		{5165CBAE-DCA0-4D52-A9B8-6143B4AD7D40}.Ad-Hoc|x64.Build.0 = Release|x64
		{5165CBAE-DCA0-4D52-A9B8-6143B4AD7D40}.Ad-Hoc|x64.Deploy.0 = Release|x64
		{5165CBAE-DCA0-4D52-A9B8-6143B4AD7D40}.Ad-Hoc|x86.ActiveCfg = Release|x86
		{5165CBAE-DCA0-4D52-A9B8-6143B4AD7D40}.Ad-Hoc|x86.Build.0 = Release|x86
		{5165CBAE-DCA0-4D52-A9B8-6143B4AD7D40}.Ad-Hoc|x86.Deploy.0 = Release|x86
		{5165CBAE-DCA0-4D52-A9B8-6143B4AD7D40}.AppStore|Any CPU.ActiveCfg = Release|x86
		{5165CBAE-DCA0-4D52-A9B8-6143B4AD7D40}.AppStore|Any CPU.Build.0 = Release|x86
		{5165CBAE-DCA0-4D52-A9B8-6143B4AD7D40}.AppStore|Any CPU.Deploy.0 = Release|x86
		{5165CBAE-DCA0-4D52-A9B8-6143B4AD7D40}.AppStore|ARM.ActiveCfg = Release|ARM
		{5165CBAE-DCA0-4D52-A9B8-6143B4AD7D40}.AppStore|ARM.Build.0 = Release|ARM
		{5165CBAE-DCA0-4D52-A9B8-6143B4AD7D40}.AppStore|ARM.Deploy.0 = Release|ARM
		{5165CBAE-DCA0-4D52-A9B8-6143B4AD7D40}.AppStore|iPhone.ActiveCfg = Release|x86
		{5165CBAE-DCA0-4D52-A9B8-6143B4AD7D40}.AppStore|iPhone.Build.0 = Release|x86
		{5165CBAE-DCA0-4D52-A9B8-6143B4AD7D40}.AppStore|iPhone.Deploy.0 = Release|x86
		{5165CBAE-DCA0-4D52-A9B8-6143B4AD7D40}.AppStore|iPhoneSimulator.ActiveCfg = Release|x86
		{5165CBAE-DCA0-4D52-A9B8-6143B4AD7D40}.AppStore|iPhoneSimulator.Build.0 = Release|x86
		{5165CBAE-DCA0-4D52-A9B8-6143B4AD7D40}.AppStore|iPhoneSimulator.Deploy.0 = Release|x86
		{5165CBAE-DCA0-4D52-A9B8-6143B4AD7D40}.AppStore|x64.ActiveCfg = Release|x64
		{5165CBAE-DCA0-4D52-A9B8-6143B4AD7D40}.AppStore|x64.Build.0 = Release|x64
		{5165CBAE-DCA0-4D52-A9B8-6143B4AD7D40}.AppStore|x64.Deploy.0 = Release|x64
		{5165CBAE-DCA0-4D52-A9B8-6143B4AD7D40}.AppStore|x86.ActiveCfg = Release|x86
		{5165CBAE-DCA0-4D52-A9B8-6143B4AD7D40}.AppStore|x86.Build.0 = Release|x86
		{5165CBAE-DCA0-4D52-A9B8-6143B4AD7D40}.AppStore|x86.Deploy.0 = Release|x86
		{5165CBAE-DCA0-4D52-A9B8-6143B4AD7D40}.Debug|Any CPU.ActiveCfg = Debug|x86
		{5165CBAE-DCA0-4D52-A9B8-6143B4AD7D40}.Debug|ARM.ActiveCfg = Debug|ARM
		{5165CBAE-DCA0-4D52-A9B8-6143B4AD7D40}.Debug|ARM.Build.0 = Debug|ARM
		{5165CBAE-DCA0-4D52-A9B8-6143B4AD7D40}.Debug|ARM.Deploy.0 = Debug|ARM
		{5165CBAE-DCA0-4D52-A9B8-6143B4AD7D40}.Debug|iPhone.ActiveCfg = Debug|x86
		{5165CBAE-DCA0-4D52-A9B8-6143B4AD7D40}.Debug|iPhoneSimulator.ActiveCfg = Debug|x86
		{5165CBAE-DCA0-4D52-A9B8-6143B4AD7D40}.Debug|x64.ActiveCfg = Debug|x64
		{5165CBAE-DCA0-4D52-A9B8-6143B4AD7D40}.Debug|x64.Build.0 = Debug|x64
		{5165CBAE-DCA0-4D52-A9B8-6143B4AD7D40}.Debug|x64.Deploy.0 = Debug|x64
		{5165CBAE-DCA0-4D52-A9B8-6143B4AD7D40}.Debug|x86.ActiveCfg = Debug|x86
		{5165CBAE-DCA0-4D52-A9B8-6143B4AD7D40}.Debug|x86.Build.0 = Debug|x86
		{5165CBAE-DCA0-4D52-A9B8-6143B4AD7D40}.Debug|x86.Deploy.0 = Debug|x86
		{5165CBAE-DCA0-4D52-A9B8-6143B4AD7D40}.Release|Any CPU.ActiveCfg = Release|x86
		{5165CBAE-DCA0-4D52-A9B8-6143B4AD7D40}.Release|ARM.ActiveCfg = Release|ARM
		{5165CBAE-DCA0-4D52-A9B8-6143B4AD7D40}.Release|ARM.Build.0 = Release|ARM
		{5165CBAE-DCA0-4D52-A9B8-6143B4AD7D40}.Release|ARM.Deploy.0 = Release|ARM
		{5165CBAE-DCA0-4D52-A9B8-6143B4AD7D40}.Release|iPhone.ActiveCfg = Release|x86
		{5165CBAE-DCA0-4D52-A9B8-6143B4AD7D40}.Release|iPhoneSimulator.ActiveCfg = Release|x86
		{5165CBAE-DCA0-4D52-A9B8-6143B4AD7D40}.Release|x64.ActiveCfg = Release|x64
		{5165CBAE-DCA0-4D52-A9B8-6143B4AD7D40}.Release|x64.Build.0 = Release|x64
		{5165CBAE-DCA0-4D52-A9B8-6143B4AD7D40}.Release|x64.Deploy.0 = Release|x64
		{5165CBAE-DCA0-4D52-A9B8-6143B4AD7D40}.Release|x86.ActiveCfg = Release|x86
		{5165CBAE-DCA0-4D52-A9B8-6143B4AD7D40}.Release|x86.Build.0 = Release|x86
		{5165CBAE-DCA0-4D52-A9B8-6143B4AD7D40}.Release|x86.Deploy.0 = Release|x86
		{E75D0916-0B73-4FB8-B3AA-A30DD177290D}.Ad-Hoc|Any CPU.ActiveCfg = Ad-Hoc|iPhone
		{E75D0916-0B73-4FB8-B3AA-A30DD177290D}.Ad-Hoc|ARM.ActiveCfg = Ad-Hoc|iPhone
		{E75D0916-0B73-4FB8-B3AA-A30DD177290D}.Ad-Hoc|iPhone.ActiveCfg = Ad-Hoc|iPhone
		{E75D0916-0B73-4FB8-B3AA-A30DD177290D}.Ad-Hoc|iPhone.Build.0 = Ad-Hoc|iPhone
		{E75D0916-0B73-4FB8-B3AA-A30DD177290D}.Ad-Hoc|iPhoneSimulator.ActiveCfg = Ad-Hoc|iPhoneSimulator
		{E75D0916-0B73-4FB8-B3AA-A30DD177290D}.Ad-Hoc|iPhoneSimulator.Build.0 = Ad-Hoc|iPhoneSimulator
		{E75D0916-0B73-4FB8-B3AA-A30DD177290D}.Ad-Hoc|x64.ActiveCfg = Ad-Hoc|iPhone
		{E75D0916-0B73-4FB8-B3AA-A30DD177290D}.Ad-Hoc|x86.ActiveCfg = Ad-Hoc|iPhone
		{E75D0916-0B73-4FB8-B3AA-A30DD177290D}.AppStore|Any CPU.ActiveCfg = AppStore|iPhone
		{E75D0916-0B73-4FB8-B3AA-A30DD177290D}.AppStore|ARM.ActiveCfg = AppStore|iPhone
		{E75D0916-0B73-4FB8-B3AA-A30DD177290D}.AppStore|iPhone.ActiveCfg = AppStore|iPhone
		{E75D0916-0B73-4FB8-B3AA-A30DD177290D}.AppStore|iPhone.Build.0 = AppStore|iPhone
		{E75D0916-0B73-4FB8-B3AA-A30DD177290D}.AppStore|iPhoneSimulator.ActiveCfg = AppStore|iPhoneSimulator
		{E75D0916-0B73-4FB8-B3AA-A30DD177290D}.AppStore|iPhoneSimulator.Build.0 = AppStore|iPhoneSimulator
		{E75D0916-0B73-4FB8-B3AA-A30DD177290D}.AppStore|x64.ActiveCfg = AppStore|iPhone
		{E75D0916-0B73-4FB8-B3AA-A30DD177290D}.AppStore|x86.ActiveCfg = AppStore|iPhone
		{E75D0916-0B73-4FB8-B3AA-A30DD177290D}.Debug|Any CPU.ActiveCfg = Debug|iPhone
		{E75D0916-0B73-4FB8-B3AA-A30DD177290D}.Debug|ARM.ActiveCfg = Debug|iPhone
		{E75D0916-0B73-4FB8-B3AA-A30DD177290D}.Debug|iPhone.ActiveCfg = Debug|iPhone
		{E75D0916-0B73-4FB8-B3AA-A30DD177290D}.Debug|iPhone.Build.0 = Debug|iPhone
		{E75D0916-0B73-4FB8-B3AA-A30DD177290D}.Debug|iPhoneSimulator.ActiveCfg = Debug|iPhoneSimulator
		{E75D0916-0B73-4FB8-B3AA-A30DD177290D}.Debug|iPhoneSimulator.Build.0 = Debug|iPhoneSimulator
		{E75D0916-0B73-4FB8-B3AA-A30DD177290D}.Debug|x64.ActiveCfg = Debug|iPhone
		{E75D0916-0B73-4FB8-B3AA-A30DD177290D}.Debug|x86.ActiveCfg = Debug|iPhone
		{E75D0916-0B73-4FB8-B3AA-A30DD177290D}.Release|Any CPU.ActiveCfg = Release|iPhone
		{E75D0916-0B73-4FB8-B3AA-A30DD177290D}.Release|ARM.ActiveCfg = Release|iPhone
		{E75D0916-0B73-4FB8-B3AA-A30DD177290D}.Release|iPhone.ActiveCfg = Release|iPhone
		{E75D0916-0B73-4FB8-B3AA-A30DD177290D}.Release|iPhone.Build.0 = Release|iPhone
		{E75D0916-0B73-4FB8-B3AA-A30DD177290D}.Release|iPhoneSimulator.ActiveCfg = Release|iPhoneSimulator
		{E75D0916-0B73-4FB8-B3AA-A30DD177290D}.Release|iPhoneSimulator.Build.0 = Release|iPhoneSimulator
		{E75D0916-0B73-4FB8-B3AA-A30DD177290D}.Release|x64.ActiveCfg = Release|iPhone
		{E75D0916-0B73-4FB8-B3AA-A30DD177290D}.Release|x86.ActiveCfg = Release|iPhone
	EndGlobalSection
	GlobalSection(SolutionProperties) = preSolution
		HideSolutionNode = FALSE
	EndGlobalSection
EndGlobal
